
Microsoft Visual Studio Solution File, Format Version 12.00
# Visual Studio Version 16
VisualStudioVersion = 16.0.30011.22
MinimumVisualStudioVersion = 10.0.40219.1
Project("{FAE04EC0-301F-11D3-BF4B-00C04F79EFBC}") = "Proyecto_UT5", "Proyecto_UT5\Proyecto_UT5.csproj", "{D7301E21-E58D-48EE-8627-B9468A675B01}"
EndProject
Global
	GlobalSection(SolutionConfigurationPlatforms) = preSolution
		Debug|Any CPU = Debug|Any CPU
		Release|Any CPU = Release|Any CPU
	EndGlobalSection
	GlobalSection(ProjectConfigurationPlatforms) = postSolution
		{D7301E21-E58D-48EE-8627-B9468A675B01}.Debug|Any CPU.ActiveCfg = Debug|Any CPU
		{D7301E21-E58D-48EE-8627-B9468A675B01}.Debug|Any CPU.Build.0 = Debug|Any CPU
		{D7301E21-E58D-48EE-8627-B9468A675B01}.Release|Any CPU.ActiveCfg = Release|Any CPU
		{D7301E21-E58D-48EE-8627-B9468A675B01}.Release|Any CPU.Build.0 = Release|Any CPU
	EndGlobalSection
	GlobalSection(SolutionProperties) = preSolution
		HideSolutionNode = FALSE
	EndGlobalSection
	GlobalSection(ExtensibilityGlobals) = postSolution
		SolutionGuid = {195AA105-8B75-4456-BCB9-2753E960DD5E}
	EndGlobalSection
EndGlobal
